
Microsoft Visual Studio Solution File, Format Version 12.00
Project("{FAE04EC0-301F-11D3-BF4B-00C04F79EFBC}") = "SharpMonEngine.Battle", "SharpMonEngine.Battle\SharpMonEngine.Battle.csproj", "{261994E8-0FF8-43EF-B512-436871BA0E58}"
EndProject
Project("{FAE04EC0-301F-11D3-BF4B-00C04F79EFBC}") = "SharpMonEngine.Battle.Interfaces", "SharpMonEngine.Battle.Interfaces\SharpMonEngine.Battle.Interfaces.csproj", "{FF1D7918-D000-4A28-BB73-2EE21F878776}"
EndProject
Global
	GlobalSection(SolutionConfigurationPlatforms) = preSolution
		Debug|Any CPU = Debug|Any CPU
		Release|Any CPU = Release|Any CPU
	EndGlobalSection
	GlobalSection(ProjectConfigurationPlatforms) = postSolution
		{261994E8-0FF8-43EF-B512-436871BA0E58}.Debug|Any CPU.ActiveCfg = Debug|Any CPU
		{261994E8-0FF8-43EF-B512-436871BA0E58}.Debug|Any CPU.Build.0 = Debug|Any CPU
		{261994E8-0FF8-43EF-B512-436871BA0E58}.Release|Any CPU.ActiveCfg = Release|Any CPU
		{261994E8-0FF8-43EF-B512-436871BA0E58}.Release|Any CPU.Build.0 = Release|Any CPU
		{FF1D7918-D000-4A28-BB73-2EE21F878776}.Debug|Any CPU.ActiveCfg = Debug|Any CPU
		{FF1D7918-D000-4A28-BB73-2EE21F878776}.Debug|Any CPU.Build.0 = Debug|Any CPU
		{FF1D7918-D000-4A28-BB73-2EE21F878776}.Release|Any CPU.ActiveCfg = Release|Any CPU
		{FF1D7918-D000-4A28-BB73-2EE21F878776}.Release|Any CPU.Build.0 = Release|Any CPU
	EndGlobalSection
EndGlobal
